
Microsoft Visual Studio Solution File, Format Version 12.00
# Visual Studio Version 17
VisualStudioVersion = 17.4.33213.308
MinimumVisualStudioVersion = 10.0.40219.1
Project("{FAE04EC0-301F-11D3-BF4B-00C04F79EFBC}") = "AvtoServisAS", "p1\AvtoServisAS.csproj", "{9D3EB424-41B9-4F17-B687-AA756FD18501}"
EndProject
Global
	GlobalSection(SolutionConfigurationPlatforms) = preSolution
		Debug|Any CPU = Debug|Any CPU
		Release|Any CPU = Release|Any CPU
	EndGlobalSection
	GlobalSection(ProjectConfigurationPlatforms) = postSolution
		{9D3EB424-41B9-4F17-B687-AA756FD18501}.Debug|Any CPU.ActiveCfg = Debug|Any CPU
		{9D3EB424-41B9-4F17-B687-AA756FD18501}.Debug|Any CPU.Build.0 = Debug|Any CPU
		{9D3EB424-41B9-4F17-B687-AA756FD18501}.Release|Any CPU.ActiveCfg = Release|Any CPU
		{9D3EB424-41B9-4F17-B687-AA756FD18501}.Release|Any CPU.Build.0 = Release|Any CPU
	EndGlobalSection
	GlobalSection(SolutionProperties) = preSolution
		HideSolutionNode = FALSE
	EndGlobalSection
	GlobalSection(ExtensibilityGlobals) = postSolution
		SolutionGuid = {8A64CF74-2D32-46DF-835A-DB9355E9A56C}
	EndGlobalSection
EndGlobal
